// !$*UTF8*$!
{
	archiveVersion = 1;
	classes = {
	};
	objectVersion = 55;
	objects = {

/* Begin PBXBuildFile section */
		F75E05B12802C45600FC56AD /* AppDelegate.swift in Sources */ = {isa = PBXBuildFile; fileRef = F75E05B02802C45600FC56AD /* AppDelegate.swift */; };
		F75E05B32802C45600FC56AD /* SceneDelegate.swift in Sources */ = {isa = PBXBuildFile; fileRef = F75E05B22802C45600FC56AD /* SceneDelegate.swift */; };
		F75E05B52802C45600FC56AD /* MainTabBarViewController.swift in Sources */ = {isa = PBXBuildFile; fileRef = F75E05B42802C45600FC56AD /* MainTabBarViewController.swift */; };
		F75E05BA2802C45700FC56AD /* Assets.xcassets in Resources */ = {isa = PBXBuildFile; fileRef = F75E05B92802C45700FC56AD /* Assets.xcassets */; };
		F75E05BD2802C45700FC56AD /* LaunchScreen.storyboard in Resources */ = {isa = PBXBuildFile; fileRef = F75E05BB2802C45700FC56AD /* LaunchScreen.storyboard */; };
		F75E06002802DEE200FC56AD /* HomeViewController.swift in Sources */ = {isa = PBXBuildFile; fileRef = F75E05FF2802DEE200FC56AD /* HomeViewController.swift */; };
		F75E06022802DF0D00FC56AD /* UpcomingViewController.swift in Sources */ = {isa = PBXBuildFile; fileRef = F75E06012802DF0D00FC56AD /* UpcomingViewController.swift */; };
		F75E06042802DF2500FC56AD /* SearchViewController.swift in Sources */ = {isa = PBXBuildFile; fileRef = F75E06032802DF2500FC56AD /* SearchViewController.swift */; };
		F75E06062802DF4D00FC56AD /* DownloadsViewController.swift in Sources */ = {isa = PBXBuildFile; fileRef = F75E06052802DF4D00FC56AD /* DownloadsViewController.swift */; };
		F75E060D28032B9800FC56AD /* CollectionViewTableViewCell.swift in Sources */ = {isa = PBXBuildFile; fileRef = F75E060C28032B9800FC56AD /* CollectionViewTableViewCell.swift */; };
		F75E060F28033F0A00FC56AD /* HeroHeaderUIView.swift in Sources */ = {isa = PBXBuildFile; fileRef = F75E060E28033F0A00FC56AD /* HeroHeaderUIView.swift */; };
		F776B15628036EC000BEEB10 /* APICaller.swift in Sources */ = {isa = PBXBuildFile; fileRef = F776B15528036EC000BEEB10 /* APICaller.swift */; };
		F776B158280372F900BEEB10 /* Title.swift in Sources */ = {isa = PBXBuildFile; fileRef = F776B157280372F900BEEB10 /* Title.swift */; };
		F776B15A280376CE00BEEB10 /* Extensions.swift in Sources */ = {isa = PBXBuildFile; fileRef = F776B159280376CE00BEEB10 /* Extensions.swift */; };
/* End PBXBuildFile section */

/* Begin PBXFileReference section */
		F75E05AD2802C45600FC56AD /* Netflix Clone.app */ = {isa = PBXFileReference; explicitFileType = wrapper.application; includeInIndex = 0; path = "Netflix Clone.app"; sourceTree = BUILT_PRODUCTS_DIR; };
		F75E05B02802C45600FC56AD /* AppDelegate.swift */ = {isa = PBXFileReference; lastKnownFileType = sourcecode.swift; path = AppDelegate.swift; sourceTree = "<group>"; };
		F75E05B22802C45600FC56AD /* SceneDelegate.swift */ = {isa = PBXFileReference; lastKnownFileType = sourcecode.swift; path = SceneDelegate.swift; sourceTree = "<group>"; };
		F75E05B42802C45600FC56AD /* MainTabBarViewController.swift */ = {isa = PBXFileReference; lastKnownFileType = sourcecode.swift; path = MainTabBarViewController.swift; sourceTree = "<group>"; };
		F75E05B92802C45700FC56AD /* Assets.xcassets */ = {isa = PBXFileReference; lastKnownFileType = folder.assetcatalog; path = Assets.xcassets; sourceTree = "<group>"; };
		F75E05BC2802C45700FC56AD /* Base */ = {isa = PBXFileReference; lastKnownFileType = file.storyboard; name = Base; path = Base.lproj/LaunchScreen.storyboard; sourceTree = "<group>"; };
		F75E05BE2802C45700FC56AD /* Info.plist */ = {isa = PBXFileReference; lastKnownFileType = text.plist.xml; path = Info.plist; sourceTree = "<group>"; };
		F75E05FF2802DEE200FC56AD /* HomeViewController.swift */ = {isa = PBXFileReference; lastKnownFileType = sourcecode.swift; path = HomeViewController.swift; sourceTree = "<group>"; };
		F75E06012802DF0D00FC56AD /* UpcomingViewController.swift */ = {isa = PBXFileReference; lastKnownFileType = sourcecode.swift; path = UpcomingViewController.swift; sourceTree = "<group>"; };
		F75E06032802DF2500FC56AD /* SearchViewController.swift */ = {isa = PBXFileReference; lastKnownFileType = sourcecode.swift; path = SearchViewController.swift; sourceTree = "<group>"; };
		F75E06052802DF4D00FC56AD /* DownloadsViewController.swift */ = {isa = PBXFileReference; lastKnownFileType = sourcecode.swift; path = DownloadsViewController.swift; sourceTree = "<group>"; };
		F75E060C28032B9800FC56AD /* CollectionViewTableViewCell.swift */ = {isa = PBXFileReference; lastKnownFileType = sourcecode.swift; path = CollectionViewTableViewCell.swift; sourceTree = "<group>"; };
		F75E060E28033F0A00FC56AD /* HeroHeaderUIView.swift */ = {isa = PBXFileReference; lastKnownFileType = sourcecode.swift; path = HeroHeaderUIView.swift; sourceTree = "<group>"; };
		F776B15528036EC000BEEB10 /* APICaller.swift */ = {isa = PBXFileReference; lastKnownFileType = sourcecode.swift; path = APICaller.swift; sourceTree = "<group>"; };
		F776B157280372F900BEEB10 /* Title.swift */ = {isa = PBXFileReference; lastKnownFileType = sourcecode.swift; path = Title.swift; sourceTree = "<group>"; };
		F776B159280376CE00BEEB10 /* Extensions.swift */ = {isa = PBXFileReference; lastKnownFileType = sourcecode.swift; path = Extensions.swift; sourceTree = "<group>"; };
/* End PBXFileReference section */

/* Begin PBXFrameworksBuildPhase section */
		F75E05AA2802C45600FC56AD /* Frameworks */ = {
			isa = PBXFrameworksBuildPhase;
			buildActionMask = 2147483647;
			files = (
			);
			runOnlyForDeploymentPostprocessing = 0;
		};
/* End PBXFrameworksBuildPhase section */

/* Begin PBXGroup section */
		F75E05A42802C45600FC56AD = {
			isa = PBXGroup;
			children = (
				F75E05AF2802C45600FC56AD /* Netflix Clone */,
				F75E05AE2802C45600FC56AD /* Products */,
			);
			sourceTree = "<group>";
		};
		F75E05AE2802C45600FC56AD /* Products */ = {
			isa = PBXGroup;
			children = (
				F75E05AD2802C45600FC56AD /* Netflix Clone.app */,
			);
			name = Products;
			sourceTree = "<group>";
		};
		F75E05AF2802C45600FC56AD /* Netflix Clone */ = {
			isa = PBXGroup;
			children = (
				F75E060B28032B7600FC56AD /* Managers */,
				F75E060A28032B7000FC56AD /* Resources */,
				F75E060928032B5100FC56AD /* Models */,
				F75E060728032B4000FC56AD /* Views */,
				F75E060828032B4700FC56AD /* ViewModels */,
				F75E05FE2802DEC600FC56AD /* Controllers */,
				F75E05B02802C45600FC56AD /* AppDelegate.swift */,
				F75E05B22802C45600FC56AD /* SceneDelegate.swift */,
				F75E05B42802C45600FC56AD /* MainTabBarViewController.swift */,
				F75E05B92802C45700FC56AD /* Assets.xcassets */,
				F75E05BB2802C45700FC56AD /* LaunchScreen.storyboard */,
				F75E05BE2802C45700FC56AD /* Info.plist */,
			);
			path = "Netflix Clone";
			sourceTree = "<group>";
		};
		F75E05FE2802DEC600FC56AD /* Controllers */ = {
			isa = PBXGroup;
			children = (
				F75E05FF2802DEE200FC56AD /* HomeViewController.swift */,
				F75E06012802DF0D00FC56AD /* UpcomingViewController.swift */,
				F75E06032802DF2500FC56AD /* SearchViewController.swift */,
				F75E06052802DF4D00FC56AD /* DownloadsViewController.swift */,
			);
			path = Controllers;
			sourceTree = "<group>";
		};
		F75E060728032B4000FC56AD /* Views */ = {
			isa = PBXGroup;
			children = (
				F75E060C28032B9800FC56AD /* CollectionViewTableViewCell.swift */,
				F75E060E28033F0A00FC56AD /* HeroHeaderUIView.swift */,
			);
			path = Views;
			sourceTree = "<group>";
		};
		F75E060828032B4700FC56AD /* ViewModels */ = {
			isa = PBXGroup;
			children = (
			);
			name = ViewModels;
			sourceTree = "<group>";
		};
		F75E060928032B5100FC56AD /* Models */ = {
			isa = PBXGroup;
			children = (
				F776B157280372F900BEEB10 /* Title.swift */,
			);
			path = Models;
			sourceTree = "<group>";
		};
		F75E060A28032B7000FC56AD /* Resources */ = {
			isa = PBXGroup;
			children = (
				F776B159280376CE00BEEB10 /* Extensions.swift */,
			);
			path = Resources;
			sourceTree = "<group>";
		};
		F75E060B28032B7600FC56AD /* Managers */ = {
			isa = PBXGroup;
			children = (
				F776B15528036EC000BEEB10 /* APICaller.swift */,
			);
			path = Managers;
			sourceTree = "<group>";
		};
/* End PBXGroup section */

/* Begin PBXNativeTarget section */
		F75E05AC2802C45600FC56AD /* Netflix Clone */ = {
			isa = PBXNativeTarget;
			buildConfigurationList = F75E05C12802C45700FC56AD /* Build configuration list for PBXNativeTarget "Netflix Clone" */;
			buildPhases = (
				F75E05A92802C45600FC56AD /* Sources */,
				F75E05AA2802C45600FC56AD /* Frameworks */,
				F75E05AB2802C45600FC56AD /* Resources */,
			);
			buildRules = (
			);
			dependencies = (
			);
			name = "Netflix Clone";
			productName = "Netflix Clone";
			productReference = F75E05AD2802C45600FC56AD /* Netflix Clone.app */;
			productType = "com.apple.product-type.application";
		};
/* End PBXNativeTarget section */

/* Begin PBXProject section */
		F75E05A52802C45600FC56AD /* Project object */ = {
			isa = PBXProject;
			attributes = {
				BuildIndependentTargetsInParallel = 1;
				LastSwiftUpdateCheck = 1320;
				LastUpgradeCheck = 1320;
				TargetAttributes = {
					F75E05AC2802C45600FC56AD = {
						CreatedOnToolsVersion = 13.2.1;
					};
				};
			};
			buildConfigurationList = F75E05A82802C45600FC56AD /* Build configuration list for PBXProject "Netflix Clone" */;
			compatibilityVersion = "Xcode 13.0";
			developmentRegion = en;
			hasScannedForEncodings = 0;
			knownRegions = (
				en,
				Base,
			);
			mainGroup = F75E05A42802C45600FC56AD;
			productRefGroup = F75E05AE2802C45600FC56AD /* Products */;
			projectDirPath = "";
			projectRoot = "";
			targets = (
				F75E05AC2802C45600FC56AD /* Netflix Clone */,
			);
		};
/* End PBXProject section */

/* Begin PBXResourcesBuildPhase section */
		F75E05AB2802C45600FC56AD /* Resources */ = {
			isa = PBXResourcesBuildPhase;
			buildActionMask = 2147483647;
			files = (
				F75E05BD2802C45700FC56AD /* LaunchScreen.storyboard in Resources */,
				F75E05BA2802C45700FC56AD /* Assets.xcassets in Resources */,
			);
			runOnlyForDeploymentPostprocessing = 0;
		};
/* End PBXResourcesBuildPhase section */

/* Begin PBXSourcesBuildPhase section */
		F75E05A92802C45600FC56AD /* Sources */ = {
			isa = PBXSourcesBuildPhase;
			buildActionMask = 2147483647;
			files = (
				F75E06042802DF2500FC56AD /* SearchViewController.swift in Sources */,
				F75E05B52802C45600FC56AD /* MainTabBarViewController.swift in Sources */,
				F75E060D28032B9800FC56AD /* CollectionViewTableViewCell.swift in Sources */,
				F776B15628036EC000BEEB10 /* APICaller.swift in Sources */,
				F75E060F28033F0A00FC56AD /* HeroHeaderUIView.swift in Sources */,
				F75E06062802DF4D00FC56AD /* DownloadsViewController.swift in Sources */,
				F75E05B12802C45600FC56AD /* AppDelegate.swift in Sources */,
				F776B15A280376CE00BEEB10 /* Extensions.swift in Sources */,
				F75E05B32802C45600FC56AD /* SceneDelegate.swift in Sources */,
				F75E06022802DF0D00FC56AD /* UpcomingViewController.swift in Sources */,
				F776B158280372F900BEEB10 /* Title.swift in Sources */,
				F75E06002802DEE200FC56AD /* HomeViewController.swift in Sources */,
			);
			runOnlyForDeploymentPostprocessing = 0;
		};
/* End PBXSourcesBuildPhase section */

/* Begin PBXVariantGroup section */
		F75E05BB2802C45700FC56AD /* LaunchScreen.storyboard */ = {
			isa = PBXVariantGroup;
			children = (
				F75E05BC2802C45700FC56AD /* Base */,
			);
			name = LaunchScreen.storyboard;
			sourceTree = "<group>";
		};
/* End PBXVariantGroup section */

/* Begin XCBuildConfiguration section */
		F75E05BF2802C45700FC56AD /* Debug */ = {
			isa = XCBuildConfiguration;
			buildSettings = {
				ALWAYS_SEARCH_USER_PATHS = NO;
				CLANG_ANALYZER_NONNULL = YES;
				CLANG_ANALYZER_NUMBER_OBJECT_CONVERSION = YES_AGGRESSIVE;
				CLANG_CXX_LANGUAGE_STANDARD = "gnu++17";
				CLANG_CXX_LIBRARY = "libc++";
				CLANG_ENABLE_MODULES = YES;
				CLANG_ENABLE_OBJC_ARC = YES;
				CLANG_ENABLE_OBJC_WEAK = YES;
				CLANG_WARN_BLOCK_CAPTURE_AUTORELEASING = YES;
				CLANG_WARN_BOOL_CONVERSION = YES;
				CLANG_WARN_COMMA = YES;
				CLANG_WARN_CONSTANT_CONVERSION = YES;
				CLANG_WARN_DEPRECATED_OBJC_IMPLEMENTATIONS = YES;
				CLANG_WARN_DIRECT_OBJC_ISA_USAGE = YES_ERROR;
				CLANG_WARN_DOCUMENTATION_COMMENTS = YES;
				CLANG_WARN_EMPTY_BODY = YES;
				CLANG_WARN_ENUM_CONVERSION = YES;
				CLANG_WARN_INFINITE_RECURSION = YES;
				CLANG_WARN_INT_CONVERSION = YES;
				CLANG_WARN_NON_LITERAL_NULL_CONVERSION = YES;
				CLANG_WARN_OBJC_IMPLICIT_RETAIN_SELF = YES;
				CLANG_WARN_OBJC_LITERAL_CONVERSION = YES;
				CLANG_WARN_OBJC_ROOT_CLASS = YES_ERROR;
				CLANG_WARN_QUOTED_INCLUDE_IN_FRAMEWORK_HEADER = YES;
				CLANG_WARN_RANGE_LOOP_ANALYSIS = YES;
				CLANG_WARN_STRICT_PROTOTYPES = YES;
				CLANG_WARN_SUSPICIOUS_MOVE = YES;
				CLANG_WARN_UNGUARDED_AVAILABILITY = YES_AGGRESSIVE;
				CLANG_WARN_UNREACHABLE_CODE = YES;
				CLANG_WARN__DUPLICATE_METHOD_MATCH = YES;
				COPY_PHASE_STRIP = NO;
				DEBUG_INFORMATION_FORMAT = dwarf;
				ENABLE_STRICT_OBJC_MSGSEND = YES;
				ENABLE_TESTABILITY = YES;
				GCC_C_LANGUAGE_STANDARD = gnu11;
				GCC_DYNAMIC_NO_PIC = NO;
				GCC_NO_COMMON_BLOCKS = YES;
				GCC_OPTIMIZATION_LEVEL = 0;
				GCC_PREPROCESSOR_DEFINITIONS = (
					"DEBUG=1",
					"$(inherited)",
				);
				GCC_WARN_64_TO_32_BIT_CONVERSION = YES;
				GCC_WARN_ABOUT_RETURN_TYPE = YES_ERROR;
				GCC_WARN_UNDECLARED_SELECTOR = YES;
				GCC_WARN_UNINITIALIZED_AUTOS = YES_AGGRESSIVE;
				GCC_WARN_UNUSED_FUNCTION = YES;
				GCC_WARN_UNUSED_VARIABLE = YES;
				IPHONEOS_DEPLOYMENT_TARGET = 15.2;
				MTL_ENABLE_DEBUG_INFO = INCLUDE_SOURCE;
				MTL_FAST_MATH = YES;
				ONLY_ACTIVE_ARCH = YES;
				SDKROOT = iphoneos;
				SWIFT_ACTIVE_COMPILATION_CONDITIONS = DEBUG;
				SWIFT_OPTIMIZATION_LEVEL = "-Onone";
			};
			name = Debug;
		};
		F75E05C02802C45700FC56AD /* Release */ = {
			isa = XCBuildConfiguration;
			buildSettings = {
				ALWAYS_SEARCH_USER_PATHS = NO;
				CLANG_ANALYZER_NONNULL = YES;
				CLANG_ANALYZER_NUMBER_OBJECT_CONVERSION = YES_AGGRESSIVE;
				CLANG_CXX_LANGUAGE_STANDARD = "gnu++17";
				CLANG_CXX_LIBRARY = "libc++";
				CLANG_ENABLE_MODULES = YES;
				CLANG_ENABLE_OBJC_ARC = YES;
				CLANG_ENABLE_OBJC_WEAK = YES;
				CLANG_WARN_BLOCK_CAPTURE_AUTORELEASING = YES;
				CLANG_WARN_BOOL_CONVERSION = YES;
				CLANG_WARN_COMMA = YES;
				CLANG_WARN_CONSTANT_CONVERSION = YES;
				CLANG_WARN_DEPRECATED_OBJC_IMPLEMENTATIONS = YES;
				CLANG_WARN_DIRECT_OBJC_ISA_USAGE = YES_ERROR;
				CLANG_WARN_DOCUMENTATION_COMMENTS = YES;
				CLANG_WARN_EMPTY_BODY = YES;
				CLANG_WARN_ENUM_CONVERSION = YES;
				CLANG_WARN_INFINITE_RECURSION = YES;
				CLANG_WARN_INT_CONVERSION = YES;
				CLANG_WARN_NON_LITERAL_NULL_CONVERSION = YES;
				CLANG_WARN_OBJC_IMPLICIT_RETAIN_SELF = YES;
				CLANG_WARN_OBJC_LITERAL_CONVERSION = YES;
				CLANG_WARN_OBJC_ROOT_CLASS = YES_ERROR;
				CLANG_WARN_QUOTED_INCLUDE_IN_FRAMEWORK_HEADER = YES;
				CLANG_WARN_RANGE_LOOP_ANALYSIS = YES;
				CLANG_WARN_STRICT_PROTOTYPES = YES;
				CLANG_WARN_SUSPICIOUS_MOVE = YES;
				CLANG_WARN_UNGUARDED_AVAILABILITY = YES_AGGRESSIVE;
				CLANG_WARN_UNREACHABLE_CODE = YES;
				CLANG_WARN__DUPLICATE_METHOD_MATCH = YES;
				COPY_PHASE_STRIP = NO;
				DEBUG_INFORMATION_FORMAT = "dwarf-with-dsym";
				ENABLE_NS_ASSERTIONS = NO;
				ENABLE_STRICT_OBJC_MSGSEND = YES;
				GCC_C_LANGUAGE_STANDARD = gnu11;
				GCC_NO_COMMON_BLOCKS = YES;
				GCC_WARN_64_TO_32_BIT_CONVERSION = YES;
				GCC_WARN_ABOUT_RETURN_TYPE = YES_ERROR;
				GCC_WARN_UNDECLARED_SELECTOR = YES;
				GCC_WARN_UNINITIALIZED_AUTOS = YES_AGGRESSIVE;
				GCC_WARN_UNUSED_FUNCTION = YES;
				GCC_WARN_UNUSED_VARIABLE = YES;
				IPHONEOS_DEPLOYMENT_TARGET = 15.2;
				MTL_ENABLE_DEBUG_INFO = NO;
				MTL_FAST_MATH = YES;
				SDKROOT = iphoneos;
				SWIFT_COMPILATION_MODE = wholemodule;
				SWIFT_OPTIMIZATION_LEVEL = "-O";
				VALIDATE_PRODUCT = YES;
			};
			name = Release;
		};
		F75E05C22802C45700FC56AD /* Debug */ = {
			isa = XCBuildConfiguration;
			buildSettings = {
				ASSETCATALOG_COMPILER_APPICON_NAME = AppIcon;
				ASSETCATALOG_COMPILER_GLOBAL_ACCENT_COLOR_NAME = AccentColor;
				CODE_SIGN_STYLE = Automatic;
				CURRENT_PROJECT_VERSION = 1;
				GENERATE_INFOPLIST_FILE = YES;
				INFOPLIST_FILE = "Netflix Clone/Info.plist";
				INFOPLIST_KEY_UIApplicationSupportsIndirectInputEvents = YES;
				INFOPLIST_KEY_UILaunchStoryboardName = LaunchScreen;
				INFOPLIST_KEY_UISupportedInterfaceOrientations_iPad = "UIInterfaceOrientationPortrait UIInterfaceOrientationPortraitUpsideDown UIInterfaceOrientationLandscapeLeft UIInterfaceOrientationLandscapeRight";
				INFOPLIST_KEY_UISupportedInterfaceOrientations_iPhone = "UIInterfaceOrientationPortrait UIInterfaceOrientationLandscapeLeft UIInterfaceOrientationLandscapeRight";
				LD_RUNPATH_SEARCH_PATHS = (
					"$(inherited)",
					"@executable_path/Frameworks",
				);
				MARKETING_VERSION = 1.0;
				PRODUCT_BUNDLE_IDENTIFIER = "myCompany.Netflix-Clone";
				PRODUCT_NAME = "$(TARGET_NAME)";
				SWIFT_EMIT_LOC_STRINGS = YES;
				SWIFT_VERSION = 5.0;
				TARGETED_DEVICE_FAMILY = "1,2";
			};
			name = Debug;
		};
		F75E05C32802C45700FC56AD /* Release */ = {
			isa = XCBuildConfiguration;
			buildSettings = {
				ASSETCATALOG_COMPILER_APPICON_NAME = AppIcon;
				ASSETCATALOG_COMPILER_GLOBAL_ACCENT_COLOR_NAME = AccentColor;
				CODE_SIGN_STYLE = Automatic;
				CURRENT_PROJECT_VERSION = 1;
				GENERATE_INFOPLIST_FILE = YES;
				INFOPLIST_FILE = "Netflix Clone/Info.plist";
				INFOPLIST_KEY_UIApplicationSupportsIndirectInputEvents = YES;
				INFOPLIST_KEY_UILaunchStoryboardName = LaunchScreen;
				INFOPLIST_KEY_UISupportedInterfaceOrientations_iPad = "UIInterfaceOrientationPortrait UIInterfaceOrientationPortraitUpsideDown UIInterfaceOrientationLandscapeLeft UIInterfaceOrientationLandscapeRight";
				INFOPLIST_KEY_UISupportedInterfaceOrientations_iPhone = "UIInterfaceOrientationPortrait UIInterfaceOrientationLandscapeLeft UIInterfaceOrientationLandscapeRight";
				LD_RUNPATH_SEARCH_PATHS = (
					"$(inherited)",
					"@executable_path/Frameworks",
				);
				MARKETING_VERSION = 1.0;
				PRODUCT_BUNDLE_IDENTIFIER = "myCompany.Netflix-Clone";
				PRODUCT_NAME = "$(TARGET_NAME)";
				SWIFT_EMIT_LOC_STRINGS = YES;
				SWIFT_VERSION = 5.0;
				TARGETED_DEVICE_FAMILY = "1,2";
			};
			name = Release;
		};
/* End XCBuildConfiguration section */

/* Begin XCConfigurationList section */
		F75E05A82802C45600FC56AD /* Build configuration list for PBXProject "Netflix Clone" */ = {
			isa = XCConfigurationList;
			buildConfigurations = (
				F75E05BF2802C45700FC56AD /* Debug */,
				F75E05C02802C45700FC56AD /* Release */,
			);
			defaultConfigurationIsVisible = 0;
			defaultConfigurationName = Release;
		};
		F75E05C12802C45700FC56AD /* Build configuration list for PBXNativeTarget "Netflix Clone" */ = {
			isa = XCConfigurationList;
			buildConfigurations = (
				F75E05C22802C45700FC56AD /* Debug */,
				F75E05C32802C45700FC56AD /* Release */,
			);
			defaultConfigurationIsVisible = 0;
			defaultConfigurationName = Release;
		};
/* End XCConfigurationList section */
	};
	rootObject = F75E05A52802C45600FC56AD /* Project object */;
}
